// !$*UTF8*$!
{
	archiveVersion = 1;
	classes = {
	};
	objectVersion = 46;
	objects = {

/* Begin PBXBuildFile section */
		123691D81EE6A8BC00761D8B /* AppDelegate.swift in Sources */ = {isa = PBXBuildFile; fileRef = 123691D71EE6A8BC00761D8B /* AppDelegate.swift */; };
		123691DA1EE6A8BC00761D8B /* ViewController.swift in Sources */ = {isa = PBXBuildFile; fileRef = 123691D91EE6A8BC00761D8B /* ViewController.swift */; };
		123691DD1EE6A8BC00761D8B /* Main.storyboard in Resources */ = {isa = PBXBuildFile; fileRef = 123691DB1EE6A8BC00761D8B /* Main.storyboard */; };
		123691DF1EE6A8BC00761D8B /* Assets.xcassets in Resources */ = {isa = PBXBuildFile; fileRef = 123691DE1EE6A8BC00761D8B /* Assets.xcassets */; };
		123691E21EE6A8BC00761D8B /* LaunchScreen.storyboard in Resources */ = {isa = PBXBuildFile; fileRef = 123691E01EE6A8BC00761D8B /* LaunchScreen.storyboard */; };
/* End PBXBuildFile section */

/* Begin PBXFileReference section */
		123691D41EE6A8BC00761D8B /* ImagePicker.app */ = {isa = PBXFileReference; explicitFileType = wrapper.application; includeInIndex = 0; path = ImagePicker.app; sourceTree = BUILT_PRODUCTS_DIR; };
		123691D71EE6A8BC00761D8B /* AppDelegate.swift */ = {isa = PBXFileReference; lastKnownFileType = sourcecode.swift; path = AppDelegate.swift; sourceTree = "<group>"; };
		123691D91EE6A8BC00761D8B /* ViewController.swift */ = {isa = PBXFileReference; lastKnownFileType = sourcecode.swift; path = ViewController.swift; sourceTree = "<group>"; };
		123691DC1EE6A8BC00761D8B /* Base */ = {isa = PBXFileReference; lastKnownFileType = file.storyboard; name = Base; path = Base.lproj/Main.storyboard; sourceTree = "<group>"; };
		123691DE1EE6A8BC00761D8B /* Assets.xcassets */ = {isa = PBXFileReference; lastKnownFileType = folder.assetcatalog; path = Assets.xcassets; sourceTree = "<group>"; };
		123691E11EE6A8BC00761D8B /* Base */ = {isa = PBXFileReference; lastKnownFileType = file.storyboard; name = Base; path = Base.lproj/LaunchScreen.storyboard; sourceTree = "<group>"; };
		123691E31EE6A8BC00761D8B /* Info.plist */ = {isa = PBXFileReference; lastKnownFileType = text.plist.xml; path = Info.plist; sourceTree = "<group>"; };
/* End PBXFileReference section */

/* Begin PBXFrameworksBuildPhase section */
		123691D11EE6A8BC00761D8B /* Frameworks */ = {
			isa = PBXFrameworksBuildPhase;
			buildActionMask = 2147483647;
			files = (
			);
			runOnlyForDeploymentPostprocessing = 0;
		};
/* End PBXFrameworksBuildPhase section */

/* Begin PBXGroup section */
		123691CB1EE6A8BC00761D8B = {
			isa = PBXGroup;
			children = (
				123691D61EE6A8BC00761D8B /* ImagePicker */,
				123691D51EE6A8BC00761D8B /* Products */,
			);
			sourceTree = "<group>";
		};
		123691D51EE6A8BC00761D8B /* Products */ = {
			isa = PBXGroup;
			children = (
				123691D41EE6A8BC00761D8B /* ImagePicker.app */,
			);
			name = Products;
			sourceTree = "<group>";
		};
		123691D61EE6A8BC00761D8B /* ImagePicker */ = {
			isa = PBXGroup;
			children = (
				123691D71EE6A8BC00761D8B /* AppDelegate.swift */,
				123691D91EE6A8BC00761D8B /* ViewController.swift */,
				123691DB1EE6A8BC00761D8B /* Main.storyboard */,
				123691DE1EE6A8BC00761D8B /* Assets.xcassets */,
				123691E01EE6A8BC00761D8B /* LaunchScreen.storyboard */,
				123691E31EE6A8BC00761D8B /* Info.plist */,
			);
			path = ImagePicker;
			sourceTree = "<group>";
		};
/* End PBXGroup section */

/* Begin PBXNativeTarget section */
		123691D31EE6A8BC00761D8B /* ImagePicker */ = {
			isa = PBXNativeTarget;
			buildConfigurationList = 123691E61EE6A8BC00761D8B /* Build configuration list for PBXNativeTarget "ImagePicker" */;
			buildPhases = (
				123691D01EE6A8BC00761D8B /* Sources */,
				123691D11EE6A8BC00761D8B /* Frameworks */,
				123691D21EE6A8BC00761D8B /* Resources */,
			);
			buildRules = (
			);
			dependencies = (
			);
			name = ImagePicker;
			productName = ImagePicker;
			productReference = 123691D41EE6A8BC00761D8B /* ImagePicker.app */;
			productType = "com.apple.product-type.application";
		};
/* End PBXNativeTarget section */

/* Begin PBXProject section */
		123691CC1EE6A8BC00761D8B /* Project object */ = {
			isa = PBXProject;
			attributes = {
				LastSwiftUpdateCheck = 0830;
				LastUpgradeCheck = 0830;
				ORGANIZATIONNAME = myth;
				TargetAttributes = {
					123691D31EE6A8BC00761D8B = {
						CreatedOnToolsVersion = 8.3.2;
						DevelopmentTeam = 9NGTNE5FRE;
						ProvisioningStyle = Automatic;
					};
				};
			};
			buildConfigurationList = 123691CF1EE6A8BC00761D8B /* Build configuration list for PBXProject "ImagePicker" */;
			compatibilityVersion = "Xcode 3.2";
			developmentRegion = English;
			hasScannedForEncodings = 0;
			knownRegions = (
				en,
				Base,
			);
			mainGroup = 123691CB1EE6A8BC00761D8B;
			productRefGroup = 123691D51EE6A8BC00761D8B /* Products */;
			projectDirPath = "";
			projectRoot = "";
			targets = (
				123691D31EE6A8BC00761D8B /* ImagePicker */,
			);
		};
/* End PBXProject section */

/* Begin PBXResourcesBuildPhase section */
		123691D21EE6A8BC00761D8B /* Resources */ = {
			isa = PBXResourcesBuildPhase;
			buildActionMask = 2147483647;
			files = (
				123691E21EE6A8BC00761D8B /* LaunchScreen.storyboard in Resources */,
				123691DF1EE6A8BC00761D8B /* Assets.xcassets in Resources */,
				123691DD1EE6A8BC00761D8B /* Main.storyboard in Resources */,
			);
			runOnlyForDeploymentPostprocessing = 0;
		};
/* End PBXResourcesBuildPhase section */

/* Begin PBXSourcesBuildPhase section */
		123691D01EE6A8BC00761D8B /* Sources */ = {
			isa = PBXSourcesBuildPhase;
			buildActionMask = 2147483647;
			files = (
				123691DA1EE6A8BC00761D8B /* ViewController.swift in Sources */,
				123691D81EE6A8BC00761D8B /* AppDelegate.swift in Sources */,
			);
			runOnlyForDeploymentPostprocessing = 0;
		};
/* End PBXSourcesBuildPhase section */

/* Begin PBXVariantGroup section */
		123691DB1EE6A8BC00761D8B /* Main.storyboard */ = {
			isa = PBXVariantGroup;
			children = (
				123691DC1EE6A8BC00761D8B /* Base */,
			);
			name = Main.storyboard;
			sourceTree = "<group>";
		};
		123691E01EE6A8BC00761D8B /* LaunchScreen.storyboard */ = {
			isa = PBXVariantGroup;
			children = (
				123691E11EE6A8BC00761D8B /* Base */,
			);
			name = LaunchScreen.storyboard;
			sourceTree = "<group>";
		};
/* End PBXVariantGroup section */

/* Begin XCBuildConfiguration section */
		123691E41EE6A8BC00761D8B /* Debug */ = {
			isa = XCBuildConfiguration;
			buildSettings = {
				ALWAYS_SEARCH_USER_PATHS = NO;
				CLANG_ANALYZER_NONNULL = YES;
				CLANG_ANALYZER_NUMBER_OBJECT_CONVERSION = YES_AGGRESSIVE;
				CLANG_CXX_LANGUAGE_STANDARD = "gnu++0x";
				CLANG_CXX_LIBRARY = "libc++";
				CLANG_ENABLE_MODULES = YES;
				CLANG_ENABLE_OBJC_ARC = YES;
				CLANG_WARN_BOOL_CONVERSION = YES;
				CLANG_WARN_CONSTANT_CONVERSION = YES;
				CLANG_WARN_DIRECT_OBJC_ISA_USAGE = YES_ERROR;
				CLANG_WARN_DOCUMENTATION_COMMENTS = YES;
				CLANG_WARN_EMPTY_BODY = YES;
				CLANG_WARN_ENUM_CONVERSION = YES;
				CLANG_WARN_INFINITE_RECURSION = YES;
				CLANG_WARN_INT_CONVERSION = YES;
				CLANG_WARN_OBJC_ROOT_CLASS = YES_ERROR;
				CLANG_WARN_SUSPICIOUS_MOVE = YES;
				CLANG_WARN_UNREACHABLE_CODE = YES;
				CLANG_WARN__DUPLICATE_METHOD_MATCH = YES;
				"CODE_SIGN_IDENTITY[sdk=iphoneos*]" = "iPhone Developer";
				COPY_PHASE_STRIP = NO;
				DEBUG_INFORMATION_FORMAT = dwarf;
				ENABLE_STRICT_OBJC_MSGSEND = YES;
				ENABLE_TESTABILITY = YES;
				GCC_C_LANGUAGE_STANDARD = gnu99;
				GCC_DYNAMIC_NO_PIC = NO;
				GCC_NO_COMMON_BLOCKS = YES;
				GCC_OPTIMIZATION_LEVEL = 0;
				GCC_PREPROCESSOR_DEFINITIONS = (
					"DEBUG=1",
					"$(inherited)",
				);
				GCC_WARN_64_TO_32_BIT_CONVERSION = YES;
				GCC_WARN_ABOUT_RETURN_TYPE = YES_ERROR;
				GCC_WARN_UNDECLARED_SELECTOR = YES;
				GCC_WARN_UNINITIALIZED_AUTOS = YES_AGGRESSIVE;
				GCC_WARN_UNUSED_FUNCTION = YES;
				GCC_WARN_UNUSED_VARIABLE = YES;
				IPHONEOS_DEPLOYMENT_TARGET = 10.3;
				MTL_ENABLE_DEBUG_INFO = YES;
				ONLY_ACTIVE_ARCH = YES;
				SDKROOT = iphoneos;
				SWIFT_ACTIVE_COMPILATION_CONDITIONS = DEBUG;
				SWIFT_OPTIMIZATION_LEVEL = "-Onone";
			};
			name = Debug;
		};
		123691E51EE6A8BC00761D8B /* Release */ = {
			isa = XCBuildConfiguration;
			buildSettings = {
				ALWAYS_SEARCH_USER_PATHS = NO;
				CLANG_ANALYZER_NONNULL = YES;
				CLANG_ANALYZER_NUMBER_OBJECT_CONVERSION = YES_AGGRESSIVE;
				CLANG_CXX_LANGUAGE_STANDARD = "gnu++0x";
				CLANG_CXX_LIBRARY = "libc++";
				CLANG_ENABLE_MODULES = YES;
				CLANG_ENABLE_OBJC_ARC = YES;
				CLANG_WARN_BOOL_CONVERSION = YES;
				CLANG_WARN_CONSTANT_CONVERSION = YES;
				CLANG_WARN_DIRECT_OBJC_ISA_USAGE = YES_ERROR;
				CLANG_WARN_DOCUMENTATION_COMMENTS = YES;
				CLANG_WARN_EMPTY_BODY = YES;
				CLANG_WARN_ENUM_CONVERSION = YES;
				CLANG_WARN_INFINITE_RECURSION = YES;
				CLANG_WARN_INT_CONVERSION = YES;
				CLANG_WARN_OBJC_ROOT_CLASS = YES_ERROR;
				CLANG_WARN_SUSPICIOUS_MOVE = YES;
				CLANG_WARN_UNREACHABLE_CODE = YES;
				CLANG_WARN__DUPLICATE_METHOD_MATCH = YES;
				"CODE_SIGN_IDENTITY[sdk=iphoneos*]" = "iPhone Developer";
				COPY_PHASE_STRIP = NO;
				DEBUG_INFORMATION_FORMAT = "dwarf-with-dsym";
				ENABLE_NS_ASSERTIONS = NO;
				ENABLE_STRICT_OBJC_MSGSEND = YES;
				GCC_C_LANGUAGE_STANDARD = gnu99;
				GCC_NO_COMMON_BLOCKS = YES;
				GCC_WARN_64_TO_32_BIT_CONVERSION = YES;
				GCC_WARN_ABOUT_RETURN_TYPE = YES_ERROR;
				GCC_WARN_UNDECLARED_SELECTOR = YES;
				GCC_WARN_UNINITIALIZED_AUTOS = YES_AGGRESSIVE;
				GCC_WARN_UNUSED_FUNCTION = YES;
				GCC_WARN_UNUSED_VARIABLE = YES;
				IPHONEOS_DEPLOYMENT_TARGET = 10.3;
				MTL_ENABLE_DEBUG_INFO = NO;
				SDKROOT = iphoneos;
				SWIFT_OPTIMIZATION_LEVEL = "-Owholemodule";
				VALIDATE_PRODUCT = YES;
			};
			name = Release;
		};
		123691E71EE6A8BC00761D8B /* Debug */ = {
			isa = XCBuildConfiguration;
			buildSettings = {
				ASSETCATALOG_COMPILER_APPICON_NAME = AppIcon;
				DEVELOPMENT_TEAM = 9NGTNE5FRE;
				INFOPLIST_FILE = ImagePicker/Info.plist;
				LD_RUNPATH_SEARCH_PATHS = "$(inherited) @executable_path/Frameworks";
				PRODUCT_BUNDLE_IDENTIFIER = com.shariif..ImagePicker;
				PRODUCT_NAME = "$(TARGET_NAME)";
				SWIFT_VERSION = 3.0;
			};
			name = Debug;
		};
		123691E81EE6A8BC00761D8B /* Release */ = {
			isa = XCBuildConfiguration;
			buildSettings = {
				ASSETCATALOG_COMPILER_APPICON_NAME = AppIcon;
				DEVELOPMENT_TEAM = 9NGTNE5FRE;
				INFOPLIST_FILE = ImagePicker/Info.plist;
				LD_RUNPATH_SEARCH_PATHS = "$(inherited) @executable_path/Frameworks";
				PRODUCT_BUNDLE_IDENTIFIER = com.shariif..ImagePicker;
				PRODUCT_NAME = "$(TARGET_NAME)";
				SWIFT_VERSION = 3.0;
			};
			name = Release;
		};
/* End XCBuildConfiguration section */

/* Begin XCConfigurationList section */
		123691CF1EE6A8BC00761D8B /* Build configuration list for PBXProject "ImagePicker" */ = {
			isa = XCConfigurationList;
			buildConfigurations = (
				123691E41EE6A8BC00761D8B /* Debug */,
				123691E51EE6A8BC00761D8B /* Release */,
			);
			defaultConfigurationIsVisible = 0;
			defaultConfigurationName = Release;
		};
		123691E61EE6A8BC00761D8B /* Build configuration list for PBXNativeTarget "ImagePicker" */ = {
			isa = XCConfigurationList;
			buildConfigurations = (
				123691E71EE6A8BC00761D8B /* Debug */,
				123691E81EE6A8BC00761D8B /* Release */,
			);
			defaultConfigurationIsVisible = 0;
		};
/* End XCConfigurationList section */
	};
	rootObject = 123691CC1EE6A8BC00761D8B /* Project object */;
}
